
Microsoft Visual Studio Solution File, Format Version 12.00
# Visual Studio Version 17
VisualStudioVersion = 17.5.002.0
MinimumVisualStudioVersion = 10.0.40219.1
Project("{2150E333-8FDC-42A3-9474-1A3956D46DE8}") = "src", "src", "{B4075DCB-CC29-465A-B238-2EA1B1215D32}"
EndProject
Project("{9A19103F-16F7-4668-BE54-9A1E7A4F7556}") = "PsqlManagement.API", "src\PsqlManagement.API\PsqlManagement.API.csproj", "{2609CB64-0739-437E-A7CB-BF0B66781ADA}"
EndProject
Global
	GlobalSection(SolutionConfigurationPlatforms) = preSolution
		Debug|Any CPU = Debug|Any CPU
		Release|Any CPU = Release|Any CPU
	EndGlobalSection
	GlobalSection(ProjectConfigurationPlatforms) = postSolution
		{2609CB64-0739-437E-A7CB-BF0B66781ADA}.Debug|Any CPU.ActiveCfg = Debug|Any CPU
		{2609CB64-0739-437E-A7CB-BF0B66781ADA}.Debug|Any CPU.Build.0 = Debug|Any CPU
		{2609CB64-0739-437E-A7CB-BF0B66781ADA}.Release|Any CPU.ActiveCfg = Release|Any CPU
		{2609CB64-0739-437E-A7CB-BF0B66781ADA}.Release|Any CPU.Build.0 = Release|Any CPU
	EndGlobalSection
	GlobalSection(SolutionProperties) = preSolution
		HideSolutionNode = FALSE
	EndGlobalSection
	GlobalSection(NestedProjects) = preSolution
		{2609CB64-0739-437E-A7CB-BF0B66781ADA} = {B4075DCB-CC29-465A-B238-2EA1B1215D32}
	EndGlobalSection
	GlobalSection(ExtensibilityGlobals) = postSolution
		SolutionGuid = {561B53A7-2A46-48CF-A06D-650EF5D74324}
	EndGlobalSection
EndGlobal
